
Microsoft Visual Studio Solution File, Format Version 12.00
# Visual Studio 15
VisualStudioVersion = 15.0.28306.52
MinimumVisualStudioVersion = 10.0.40219.1
Project("{888888A0-9F3D-457C-B088-3A5042F75D52}") = "dbp2WD", "dbp2WD\dbp2WD.pyproj", "{D497AAA7-CBF2-41BE-9389-865387696604}"
EndProject
Global
	GlobalSection(SolutionConfigurationPlatforms) = preSolution
		Debug|Any CPU = Debug|Any CPU
		Release|Any CPU = Release|Any CPU
	EndGlobalSection
	GlobalSection(ProjectConfigurationPlatforms) = postSolution
		{D497AAA7-CBF2-41BE-9389-865387696604}.Debug|Any CPU.ActiveCfg = Debug|Any CPU
		{D497AAA7-CBF2-41BE-9389-865387696604}.Release|Any CPU.ActiveCfg = Release|Any CPU
	EndGlobalSection
	GlobalSection(SolutionProperties) = preSolution
		HideSolutionNode = FALSE
	EndGlobalSection
	GlobalSection(ExtensibilityGlobals) = postSolution
		SolutionGuid = {03B48D5D-818D-473F-9101-D12149D5F66D}
	EndGlobalSection
EndGlobal
